
Microsoft Visual Studio Solution File, Format Version 12.00
# Visual Studio Version 16
VisualStudioVersion = 16.0.29709.97
MinimumVisualStudioVersion = 10.0.40219.1
Project("{FAE04EC0-301F-11D3-BF4B-00C04F79EFBC}") = "WebApi", "WebApi\WebApi.csproj", "{206A23B5-CA1A-4C48-BCD7-453C0D17E57F}"
EndProject
Project("{FAE04EC0-301F-11D3-BF4B-00C04F79EFBC}") = "Interfaces", "Interfaces\Interfaces.csproj", "{CE853785-24BA-4AB9-958A-7EAE690B0A06}"
EndProject
Project("{FAE04EC0-301F-11D3-BF4B-00C04F79EFBC}") = "BusinessServices", "BusinessServices\BusinessServices.csproj", "{E9CC587A-C580-46DE-BE02-6498E7FE0DCB}"
EndProject
Project("{FAE04EC0-301F-11D3-BF4B-00C04F79EFBC}") = "DataLayer", "DataLayer\DataLayer.csproj", "{B4B9867F-E8B6-4CAC-A681-A373CDEA2A4D}"
EndProject
Project("{FAE04EC0-301F-11D3-BF4B-00C04F79EFBC}") = "Core", "Core\Core.csproj", "{DE522ED7-9121-4796-BA35-F2B59625C222}"
EndProject
Project("{FAE04EC0-301F-11D3-BF4B-00C04F79EFBC}") = "Library", "Library\Library.csproj", "{6B1CB000-D168-4D9A-B657-47F751AFCD71}"
EndProject
Global
	GlobalSection(SolutionConfigurationPlatforms) = preSolution
		Debug|Any CPU = Debug|Any CPU
		Release|Any CPU = Release|Any CPU
	EndGlobalSection
	GlobalSection(ProjectConfigurationPlatforms) = postSolution
		{206A23B5-CA1A-4C48-BCD7-453C0D17E57F}.Debug|Any CPU.ActiveCfg = Debug|Any CPU
		{206A23B5-CA1A-4C48-BCD7-453C0D17E57F}.Debug|Any CPU.Build.0 = Debug|Any CPU
		{206A23B5-CA1A-4C48-BCD7-453C0D17E57F}.Release|Any CPU.ActiveCfg = Release|Any CPU
		{206A23B5-CA1A-4C48-BCD7-453C0D17E57F}.Release|Any CPU.Build.0 = Release|Any CPU
		{CE853785-24BA-4AB9-958A-7EAE690B0A06}.Debug|Any CPU.ActiveCfg = Debug|Any CPU
		{CE853785-24BA-4AB9-958A-7EAE690B0A06}.Debug|Any CPU.Build.0 = Debug|Any CPU
		{CE853785-24BA-4AB9-958A-7EAE690B0A06}.Release|Any CPU.ActiveCfg = Release|Any CPU
		{CE853785-24BA-4AB9-958A-7EAE690B0A06}.Release|Any CPU.Build.0 = Release|Any CPU
		{E9CC587A-C580-46DE-BE02-6498E7FE0DCB}.Debug|Any CPU.ActiveCfg = Debug|Any CPU
		{E9CC587A-C580-46DE-BE02-6498E7FE0DCB}.Debug|Any CPU.Build.0 = Debug|Any CPU
		{E9CC587A-C580-46DE-BE02-6498E7FE0DCB}.Release|Any CPU.ActiveCfg = Release|Any CPU
		{E9CC587A-C580-46DE-BE02-6498E7FE0DCB}.Release|Any CPU.Build.0 = Release|Any CPU
		{B4B9867F-E8B6-4CAC-A681-A373CDEA2A4D}.Debug|Any CPU.ActiveCfg = Debug|Any CPU
		{B4B9867F-E8B6-4CAC-A681-A373CDEA2A4D}.Debug|Any CPU.Build.0 = Debug|Any CPU
		{B4B9867F-E8B6-4CAC-A681-A373CDEA2A4D}.Release|Any CPU.ActiveCfg = Release|Any CPU
		{B4B9867F-E8B6-4CAC-A681-A373CDEA2A4D}.Release|Any CPU.Build.0 = Release|Any CPU
		{DE522ED7-9121-4796-BA35-F2B59625C222}.Debug|Any CPU.ActiveCfg = Debug|Any CPU
		{DE522ED7-9121-4796-BA35-F2B59625C222}.Debug|Any CPU.Build.0 = Debug|Any CPU
		{DE522ED7-9121-4796-BA35-F2B59625C222}.Release|Any CPU.ActiveCfg = Release|Any CPU
		{DE522ED7-9121-4796-BA35-F2B59625C222}.Release|Any CPU.Build.0 = Release|Any CPU
		{6B1CB000-D168-4D9A-B657-47F751AFCD71}.Debug|Any CPU.ActiveCfg = Debug|Any CPU
		{6B1CB000-D168-4D9A-B657-47F751AFCD71}.Debug|Any CPU.Build.0 = Debug|Any CPU
		{6B1CB000-D168-4D9A-B657-47F751AFCD71}.Release|Any CPU.ActiveCfg = Release|Any CPU
		{6B1CB000-D168-4D9A-B657-47F751AFCD71}.Release|Any CPU.Build.0 = Release|Any CPU
	EndGlobalSection
	GlobalSection(SolutionProperties) = preSolution
		HideSolutionNode = FALSE
	EndGlobalSection
	GlobalSection(ExtensibilityGlobals) = postSolution
		SolutionGuid = {49BFB13A-9485-4CCC-82FB-7143F44EB0C1}
	EndGlobalSection
EndGlobal
